
Microsoft Visual Studio Solution File, Format Version 12.00
# Visual Studio Version 17
VisualStudioVersion = 17.3.32922.545
MinimumVisualStudioVersion = 10.0.40219.1
Project("{FAE04EC0-301F-11D3-BF4B-00C04F79EFBC}") = "WinFormsApp1", "WinFormsApp1.csproj", "{74748AC7-4DC8-42C7-86F4-58C26F6FBECE}"
EndProject
Global
	GlobalSection(SolutionConfigurationPlatforms) = preSolution
		Debug|Any CPU = Debug|Any CPU
		Release|Any CPU = Release|Any CPU
	EndGlobalSection
	GlobalSection(ProjectConfigurationPlatforms) = postSolution
		{74748AC7-4DC8-42C7-86F4-58C26F6FBECE}.Debug|Any CPU.ActiveCfg = Debug|Any CPU
		{74748AC7-4DC8-42C7-86F4-58C26F6FBECE}.Debug|Any CPU.Build.0 = Debug|Any CPU
		{74748AC7-4DC8-42C7-86F4-58C26F6FBECE}.Release|Any CPU.ActiveCfg = Release|Any CPU
		{74748AC7-4DC8-42C7-86F4-58C26F6FBECE}.Release|Any CPU.Build.0 = Release|Any CPU
	EndGlobalSection
	GlobalSection(SolutionProperties) = preSolution
		HideSolutionNode = FALSE
	EndGlobalSection
	GlobalSection(ExtensibilityGlobals) = postSolution
		SolutionGuid = {E735744D-3F13-49C1-9A37-211B0A9EBD55}
	EndGlobalSection
EndGlobal
